
Microsoft Visual Studio Solution File, Format Version 12.00
# Visual Studio Version 17
VisualStudioVersion = 17.0.31919.166
MinimumVisualStudioVersion = 10.0.40219.1
Project("{FAE04EC0-301F-11D3-BF4B-00C04F79EFBC}") = "lb1", "lb1.csproj", "{A63627B8-9722-4FDE-A3B3-32065215EECF}"
EndProject
Global
	GlobalSection(SolutionConfigurationPlatforms) = preSolution
		Debug|Any CPU = Debug|Any CPU
		Release|Any CPU = Release|Any CPU
	EndGlobalSection
	GlobalSection(ProjectConfigurationPlatforms) = postSolution
		{A63627B8-9722-4FDE-A3B3-32065215EECF}.Debug|Any CPU.ActiveCfg = Debug|Any CPU
		{A63627B8-9722-4FDE-A3B3-32065215EECF}.Debug|Any CPU.Build.0 = Debug|Any CPU
		{A63627B8-9722-4FDE-A3B3-32065215EECF}.Release|Any CPU.ActiveCfg = Release|Any CPU
		{A63627B8-9722-4FDE-A3B3-32065215EECF}.Release|Any CPU.Build.0 = Release|Any CPU
	EndGlobalSection
	GlobalSection(SolutionProperties) = preSolution
		HideSolutionNode = FALSE
	EndGlobalSection
	GlobalSection(ExtensibilityGlobals) = postSolution
		SolutionGuid = {7FC1F3AA-6E27-4999-99A6-D528E2773703}
	EndGlobalSection
EndGlobal
